
Microsoft Visual Studio Solution File, Format Version 12.00
# Visual Studio Version 16
VisualStudioVersion = 16.0.28917.181
MinimumVisualStudioVersion = 10.0.40219.1
Project("{FAE04EC0-301F-11D3-BF4B-00C04F79EFBC}") = "Recorder", "Recorder\Recorder.csproj", "{5DFF452D-6920-41E3-B028-496D9B64F18C}"
EndProject
Global
	GlobalSection(SolutionConfigurationPlatforms) = preSolution
		Debug|Any CPU = Debug|Any CPU
		Release|Any CPU = Release|Any CPU
	EndGlobalSection
	GlobalSection(ProjectConfigurationPlatforms) = postSolution
		{5DFF452D-6920-41E3-B028-496D9B64F18C}.Debug|Any CPU.ActiveCfg = Debug|Any CPU
		{5DFF452D-6920-41E3-B028-496D9B64F18C}.Debug|Any CPU.Build.0 = Debug|Any CPU
		{5DFF452D-6920-41E3-B028-496D9B64F18C}.Release|Any CPU.ActiveCfg = Release|Any CPU
		{5DFF452D-6920-41E3-B028-496D9B64F18C}.Release|Any CPU.Build.0 = Release|Any CPU
	EndGlobalSection
	GlobalSection(SolutionProperties) = preSolution
		HideSolutionNode = FALSE
	EndGlobalSection
	GlobalSection(ExtensibilityGlobals) = postSolution
		SolutionGuid = {5778211E-58C7-407E-97D4-998B2B4AA449}
	EndGlobalSection
EndGlobal
